{
  "nodes": {
    "flake-utils": {
      "locked": {
        "lastModified": 1609246779,
        "narHash": "sha256-eq6ZXE/VWo3EMC65jmIT6H/rrUc9UWOWVujkzav025k=",
        "owner": "numtide",
        "repo": "flake-utils",
        "rev": "08c7ad4a0844adc4a7f9f5bb3beae482e789afa4",
        "type": "github"
      },
      "original": {
        "owner": "numtide",
        "repo": "flake-utils",
        "type": "github"
      }
    },
    "nixpkgs": {
      "locked": {
        "lastModified": 1609079092,
        "narHash": "sha256-KhyKfxBHtZlAgudpZ0EJVzeuqROjKfVOwj8j0cuhU50=",
        "path": "/nix/store/5pmay8rdvgw5ml1xi6189xhdbygc850k-source",
        "rev": "2f47650c2f28d87f86ab807b8a339c684d91ec56",
        "type": "path"
      },
      "original": {
        "id": "nixpkgs",
        "type": "indirect"
      }
    },
    "root": {
      "inputs": {
        "flake-utils": "flake-utils",
        "nixpkgs": "nixpkgs"
      }
    }
  },
  "root": "root",
  "version": 7
}
